
Microsoft Visual Studio Solution File, Format Version 12.00
# Visual Studio 14
VisualStudioVersion = 14.0.25420.1
MinimumVisualStudioVersion = 10.0.40219.1
Project("{FAE04EC0-301F-11D3-BF4B-00C04F79EFBC}") = "FitnessViewer", "FitnessViewer\FitnessViewer.csproj", "{6F4D394D-7888-4799-B8BB-CB1AF158BA28}"
EndProject
Project("{2150E333-8FDC-42A3-9474-1A3956D46DE8}") = "Solution Items", "Solution Items", "{670C66FB-B3A4-44DB-A28C-45F897AF3DC7}"
	ProjectSection(SolutionItems) = preProject
		app.keys.config = app.keys.config
		connectionStrings.config = connectionStrings.config
	EndProjectSection
EndProject
Project("{FAE04EC0-301F-11D3-BF4B-00C04F79EFBC}") = "FitnessViewer.Infrastructure", "FitnessViewer.Infrastructure\FitnessViewer.Infrastructure.csproj", "{2CBBB62F-B131-49BC-9492-18C7A37B20F3}"
EndProject
Project("{FAE04EC0-301F-11D3-BF4B-00C04F79EFBC}") = "FitnessViewer.Download", "FitnessViewer.Download\FitnessViewer.Download.csproj", "{B97E2DCD-E358-46B3-9ECF-6B3A123D976E}"
EndProject
Project("{FAE04EC0-301F-11D3-BF4B-00C04F79EFBC}") = "FitnessViewer.Test", "FitnessViewer.Test\FitnessViewer.Test.csproj", "{33732335-8325-4201-B2AB-31204A481E44}"
EndProject
Project("{FAE04EC0-301F-11D3-BF4B-00C04F79EFBC}") = "FitnessViewer.DownloadWebJob", "FitnessViewer.DownloadWebJob\FitnessViewer.DownloadWebJob.csproj", "{BD747D5A-82A1-4F6E-B3FB-989BEDBDE989}"
EndProject
Project("{FAE04EC0-301F-11D3-BF4B-00C04F79EFBC}") = "FitnessViewer.TriggerDownloadWebJob", "FitnessViewer.TriggerDownloadWebJob\FitnessViewer.TriggerDownloadWebJob.csproj", "{8179D0EC-A843-479C-A687-EA829F46DC2B}"
EndProject
Global
	GlobalSection(SolutionConfigurationPlatforms) = preSolution
		Debug|Any CPU = Debug|Any CPU
		Release|Any CPU = Release|Any CPU
	EndGlobalSection
	GlobalSection(ProjectConfigurationPlatforms) = postSolution
		{6F4D394D-7888-4799-B8BB-CB1AF158BA28}.Debug|Any CPU.ActiveCfg = Debug|Any CPU
		{6F4D394D-7888-4799-B8BB-CB1AF158BA28}.Debug|Any CPU.Build.0 = Debug|Any CPU
		{6F4D394D-7888-4799-B8BB-CB1AF158BA28}.Release|Any CPU.ActiveCfg = Release|Any CPU
		{6F4D394D-7888-4799-B8BB-CB1AF158BA28}.Release|Any CPU.Build.0 = Release|Any CPU
		{2CBBB62F-B131-49BC-9492-18C7A37B20F3}.Debug|Any CPU.ActiveCfg = Debug|Any CPU
		{2CBBB62F-B131-49BC-9492-18C7A37B20F3}.Debug|Any CPU.Build.0 = Debug|Any CPU
		{2CBBB62F-B131-49BC-9492-18C7A37B20F3}.Release|Any CPU.ActiveCfg = Release|Any CPU
		{2CBBB62F-B131-49BC-9492-18C7A37B20F3}.Release|Any CPU.Build.0 = Release|Any CPU
		{B97E2DCD-E358-46B3-9ECF-6B3A123D976E}.Debug|Any CPU.ActiveCfg = Debug|Any CPU
		{B97E2DCD-E358-46B3-9ECF-6B3A123D976E}.Debug|Any CPU.Build.0 = Debug|Any CPU
		{B97E2DCD-E358-46B3-9ECF-6B3A123D976E}.Release|Any CPU.ActiveCfg = Release|Any CPU
		{B97E2DCD-E358-46B3-9ECF-6B3A123D976E}.Release|Any CPU.Build.0 = Release|Any CPU
		{33732335-8325-4201-B2AB-31204A481E44}.Debug|Any CPU.ActiveCfg = Debug|Any CPU
		{33732335-8325-4201-B2AB-31204A481E44}.Debug|Any CPU.Build.0 = Debug|Any CPU
		{33732335-8325-4201-B2AB-31204A481E44}.Release|Any CPU.ActiveCfg = Release|Any CPU
		{33732335-8325-4201-B2AB-31204A481E44}.Release|Any CPU.Build.0 = Release|Any CPU
		{BD747D5A-82A1-4F6E-B3FB-989BEDBDE989}.Debug|Any CPU.ActiveCfg = Debug|Any CPU
		{BD747D5A-82A1-4F6E-B3FB-989BEDBDE989}.Debug|Any CPU.Build.0 = Debug|Any CPU
		{BD747D5A-82A1-4F6E-B3FB-989BEDBDE989}.Release|Any CPU.ActiveCfg = Release|Any CPU
		{BD747D5A-82A1-4F6E-B3FB-989BEDBDE989}.Release|Any CPU.Build.0 = Release|Any CPU
		{8179D0EC-A843-479C-A687-EA829F46DC2B}.Debug|Any CPU.ActiveCfg = Debug|Any CPU
		{8179D0EC-A843-479C-A687-EA829F46DC2B}.Debug|Any CPU.Build.0 = Debug|Any CPU
		{8179D0EC-A843-479C-A687-EA829F46DC2B}.Release|Any CPU.ActiveCfg = Release|Any CPU
		{8179D0EC-A843-479C-A687-EA829F46DC2B}.Release|Any CPU.Build.0 = Release|Any CPU
	EndGlobalSection
	GlobalSection(SolutionProperties) = preSolution
		HideSolutionNode = FALSE
	EndGlobalSection
EndGlobal
